
Microsoft Visual Studio Solution File, Format Version 12.00
# Visual Studio Version 17
VisualStudioVersion = 17.13.35825.156
MinimumVisualStudioVersion = 10.0.40219.1
Project("{8BC9CEB8-8B4A-11D0-8D11-00A0C91BC942}") = "home_thread_4", "home_thread_4.vcxproj", "{241C32D2-7E5A-4E40-9B74-05DE4D3B1931}"
EndProject
Project("{8BC9CEB8-8B4A-11D0-8D11-00A0C91BC942}") = "Udpclient", "..\Udpclient\Udpclient.vcxproj", "{06D64B0B-3B10-47FB-AD91-B007D51DE8AE}"
EndProject
Global
	GlobalSection(SolutionConfigurationPlatforms) = preSolution
		Debug|x64 = Debug|x64
		Debug|x86 = Debug|x86
		Release|x64 = Release|x64
		Release|x86 = Release|x86
	EndGlobalSection
	GlobalSection(ProjectConfigurationPlatforms) = postSolution
		{241C32D2-7E5A-4E40-9B74-05DE4D3B1931}.Debug|x64.ActiveCfg = Debug|x64
		{241C32D2-7E5A-4E40-9B74-05DE4D3B1931}.Debug|x64.Build.0 = Debug|x64
		{241C32D2-7E5A-4E40-9B74-05DE4D3B1931}.Debug|x86.ActiveCfg = Debug|Win32
		{241C32D2-7E5A-4E40-9B74-05DE4D3B1931}.Debug|x86.Build.0 = Debug|Win32
		{241C32D2-7E5A-4E40-9B74-05DE4D3B1931}.Release|x64.ActiveCfg = Release|x64
		{241C32D2-7E5A-4E40-9B74-05DE4D3B1931}.Release|x64.Build.0 = Release|x64
		{241C32D2-7E5A-4E40-9B74-05DE4D3B1931}.Release|x86.ActiveCfg = Release|Win32
		{241C32D2-7E5A-4E40-9B74-05DE4D3B1931}.Release|x86.Build.0 = Release|Win32
		{06D64B0B-3B10-47FB-AD91-B007D51DE8AE}.Debug|x64.ActiveCfg = Debug|x64
		{06D64B0B-3B10-47FB-AD91-B007D51DE8AE}.Debug|x64.Build.0 = Debug|x64
		{06D64B0B-3B10-47FB-AD91-B007D51DE8AE}.Debug|x86.ActiveCfg = Debug|Win32
		{06D64B0B-3B10-47FB-AD91-B007D51DE8AE}.Debug|x86.Build.0 = Debug|Win32
		{06D64B0B-3B10-47FB-AD91-B007D51DE8AE}.Release|x64.ActiveCfg = Release|x64
		{06D64B0B-3B10-47FB-AD91-B007D51DE8AE}.Release|x64.Build.0 = Release|x64
		{06D64B0B-3B10-47FB-AD91-B007D51DE8AE}.Release|x86.ActiveCfg = Release|Win32
		{06D64B0B-3B10-47FB-AD91-B007D51DE8AE}.Release|x86.Build.0 = Release|Win32
	EndGlobalSection
	GlobalSection(SolutionProperties) = preSolution
		HideSolutionNode = FALSE
	EndGlobalSection
	GlobalSection(ExtensibilityGlobals) = postSolution
		SolutionGuid = {01837CCD-7681-45E7-BA55-47140FA1ECF6}
	EndGlobalSection
EndGlobal
